{
  "version": 4,
  "terraform_version": "1.14.1",
  "serial": 3,
  "lineage": "b162f6a2-60df-d7af-ce3a-3bb53eef1252",
  "outputs": {
    "processing_queue_name": {
      "value": "projeto-cloud-brasil-queue",
      "type": "string"
    }
  },
  "resources": [
    {
      "module": "module.processing_queue",
      "mode": "managed",
      "type": "aws_sqs_queue",
      "name": "this",
      "provider": "provider[\"registry.terraform.io/hashicorp/aws\"]",
      "instances": [
        {
          "schema_version": 0,
          "attributes": {
            "arn": "arn:aws:sqs:us-east-1:000000000000:projeto-cloud-brasil-queue",
            "content_based_deduplication": false,
            "deduplication_scope": "",
            "delay_seconds": 10,
            "fifo_queue": false,
            "fifo_throughput_limit": "",
            "id": "http://sqs.us-east-1.localhost.localstack.cloud:4566/000000000000/projeto-cloud-brasil-queue",
            "kms_data_key_reuse_period_seconds": 300,
            "kms_master_key_id": "",
            "max_message_size": 262144,
            "message_retention_seconds": 86400,
            "name": "projeto-cloud-brasil-queue",
            "name_prefix": "",
            "policy": "",
            "receive_wait_time_seconds": 0,
            "redrive_allow_policy": "",
            "redrive_policy": "",
            "sqs_managed_sse_enabled": true,
            "tags": {
              "Environment": "Local-Dev",
              "ManagedBy": "Terraform",
              "Owner": "Cloud-Engineer"
            },
            "tags_all": {
              "Environment": "Local-Dev",
              "ManagedBy": "Terraform",
              "Owner": "Cloud-Engineer"
            },
            "timeouts": null,
            "url": "http://sqs.us-east-1.localhost.localstack.cloud:4566/000000000000/projeto-cloud-brasil-queue",
            "visibility_timeout_seconds": 30
          },
          "sensitive_attributes": [],
          "identity_schema_version": 0,
          "private": "eyJlMmJmYjczMC1lY2FhLTExZTYtOGY4OC0zNDM2M2JjN2M0YzAiOnsiY3JlYXRlIjoxODAwMDAwMDAwMDAsImRlbGV0ZSI6MTgwMDAwMDAwMDAwLCJ1cGRhdGUiOjE4MDAwMDAwMDAwMH19"
        }
      ]
    }
  ],
  "check_results": null
}
